
Microsoft Visual Studio Solution File, Format Version 11.00
# Visual Studio 2010
Project("{FAE04EC0-301F-11D3-BF4B-00C04F79EFBC}") = "JJT", "JJT\JJT.csproj", "{A89A9AB1-3392-48FA-A048-445BC6FFFCAB}"
EndProject
Global
	GlobalSection(SolutionConfigurationPlatforms) = preSolution
		Debug|x86 = Debug|x86
		Release|x86 = Release|x86
	EndGlobalSection
	GlobalSection(ProjectConfigurationPlatforms) = postSolution
		{A89A9AB1-3392-48FA-A048-445BC6FFFCAB}.Debug|x86.ActiveCfg = Release|x86
		{A89A9AB1-3392-48FA-A048-445BC6FFFCAB}.Debug|x86.Build.0 = Release|x86
		{A89A9AB1-3392-48FA-A048-445BC6FFFCAB}.Release|x86.ActiveCfg = Release|x86
		{A89A9AB1-3392-48FA-A048-445BC6FFFCAB}.Release|x86.Build.0 = Release|x86
	EndGlobalSection
	GlobalSection(SolutionProperties) = preSolution
		HideSolutionNode = FALSE
	EndGlobalSection
EndGlobal
